
Microsoft Visual Studio Solution File, Format Version 12.00
# Visual Studio Version 17
VisualStudioVersion = 17.11.35312.102
MinimumVisualStudioVersion = 10.0.40219.1
Project("{FAE04EC0-301F-11D3-BF4B-00C04F79EFBC}") = "zd2", "zd2\zd2.csproj", "{5023CB85-A9B5-4CA4-990A-60EF0C5E8406}"
EndProject
Global
	GlobalSection(SolutionConfigurationPlatforms) = preSolution
		Debug|Any CPU = Debug|Any CPU
		Release|Any CPU = Release|Any CPU
	EndGlobalSection
	GlobalSection(ProjectConfigurationPlatforms) = postSolution
		{5023CB85-A9B5-4CA4-990A-60EF0C5E8406}.Debug|Any CPU.ActiveCfg = Debug|Any CPU
		{5023CB85-A9B5-4CA4-990A-60EF0C5E8406}.Debug|Any CPU.Build.0 = Debug|Any CPU
		{5023CB85-A9B5-4CA4-990A-60EF0C5E8406}.Release|Any CPU.ActiveCfg = Release|Any CPU
		{5023CB85-A9B5-4CA4-990A-60EF0C5E8406}.Release|Any CPU.Build.0 = Release|Any CPU
	EndGlobalSection
	GlobalSection(SolutionProperties) = preSolution
		HideSolutionNode = FALSE
	EndGlobalSection
	GlobalSection(ExtensibilityGlobals) = postSolution
		SolutionGuid = {1EABE263-4BE6-49BA-B6FB-DABD6F6FBBB4}
	EndGlobalSection
EndGlobal
